
Microsoft Visual Studio Solution File, Format Version 12.00
# Visual Studio Version 17
VisualStudioVersion = 17.0.31912.275
MinimumVisualStudioVersion = 10.0.40219.1
Project("{FAE04EC0-301F-11D3-BF4B-00C04F79EFBC}") = "AdventOfCode.Csharp", "AdventOfCode.Csharp\AdventOfCode.Csharp.csproj", "{031CEFEC-14C3-40B0-A73A-25C2D664D5AD}"
EndProject
Project("{F2A71F9B-5D33-465A-A702-920D77279786}") = "AdventOfCode.Fsharp", "AdventOfCode.Fsharp\AdventOfCode.Fsharp.fsproj", "{45B06124-3F21-4D51-A2A2-D075D64F6206}"
EndProject
Project("{FAE04EC0-301F-11D3-BF4B-00C04F79EFBC}") = "AdventOfCode.MainApp", "AdventOfCode.MainApp\AdventOfCode.MainApp.csproj", "{0255BE01-F031-4E2A-8B2F-A8CBA9427AD1}"
EndProject
Global
	GlobalSection(SolutionConfigurationPlatforms) = preSolution
		Debug|Any CPU = Debug|Any CPU
		Release|Any CPU = Release|Any CPU
	EndGlobalSection
	GlobalSection(ProjectConfigurationPlatforms) = postSolution
		{45B06124-3F21-4D51-A2A2-D075D64F6206}.Debug|Any CPU.ActiveCfg = Debug|Any CPU
		{45B06124-3F21-4D51-A2A2-D075D64F6206}.Debug|Any CPU.Build.0 = Debug|Any CPU
		{45B06124-3F21-4D51-A2A2-D075D64F6206}.Release|Any CPU.ActiveCfg = Release|Any CPU
		{45B06124-3F21-4D51-A2A2-D075D64F6206}.Release|Any CPU.Build.0 = Release|Any CPU
		{031CEFEC-14C3-40B0-A73A-25C2D664D5AD}.Debug|Any CPU.ActiveCfg = Debug|Any CPU
		{031CEFEC-14C3-40B0-A73A-25C2D664D5AD}.Debug|Any CPU.Build.0 = Debug|Any CPU
		{031CEFEC-14C3-40B0-A73A-25C2D664D5AD}.Release|Any CPU.ActiveCfg = Release|Any CPU
		{031CEFEC-14C3-40B0-A73A-25C2D664D5AD}.Release|Any CPU.Build.0 = Release|Any CPU
	EndGlobalSection
	GlobalSection(SolutionProperties) = preSolution
		HideSolutionNode = FALSE
	EndGlobalSection
	GlobalSection(ExtensibilityGlobals) = postSolution
		SolutionGuid = {1F6DB51B-B8A3-4290-8B32-6CE6C10904E2}
	EndGlobalSection
EndGlobal
